
Microsoft Visual Studio Solution File, Format Version 12.00
# Visual Studio 2013
VisualStudioVersion = 12.0.21005.1
MinimumVisualStudioVersion = 10.0.40219.1
Project("{8BC9CEB8-8B4A-11D0-8D11-00A0C91BC942}") = "Program7 Project Olliff", "Program7 Project Olliff\Program7 Project Olliff.vcxproj", "{CD1EDEA8-C6C7-4112-824C-63F8773228E5}"
EndProject
Global
	GlobalSection(SolutionConfigurationPlatforms) = preSolution
		Debug|Win32 = Debug|Win32
		Release|Win32 = Release|Win32
	EndGlobalSection
	GlobalSection(ProjectConfigurationPlatforms) = postSolution
		{CD1EDEA8-C6C7-4112-824C-63F8773228E5}.Debug|Win32.ActiveCfg = Debug|Win32
		{CD1EDEA8-C6C7-4112-824C-63F8773228E5}.Debug|Win32.Build.0 = Debug|Win32
		{CD1EDEA8-C6C7-4112-824C-63F8773228E5}.Release|Win32.ActiveCfg = Release|Win32
		{CD1EDEA8-C6C7-4112-824C-63F8773228E5}.Release|Win32.Build.0 = Release|Win32
	EndGlobalSection
	GlobalSection(SolutionProperties) = preSolution
		HideSolutionNode = FALSE
	EndGlobalSection
EndGlobal
