
Microsoft Visual Studio Solution File, Format Version 12.00
# Visual Studio 2013
VisualStudioVersion = 12.0.21005.1
MinimumVisualStudioVersion = 10.0.40219.1
Project("{8BC9CEB8-8B4A-11D0-8D11-00A0C91BC942}") = "Midterm Exam Project Olliff", "Midterm Exam Project Olliff\Midterm Exam Project Olliff.vcxproj", "{360F10E7-E2A6-4F92-87D3-BEFF27B9A44D}"
EndProject
Global
	GlobalSection(SolutionConfigurationPlatforms) = preSolution
		Debug|Win32 = Debug|Win32
		Release|Win32 = Release|Win32
	EndGlobalSection
	GlobalSection(ProjectConfigurationPlatforms) = postSolution
		{360F10E7-E2A6-4F92-87D3-BEFF27B9A44D}.Debug|Win32.ActiveCfg = Debug|Win32
		{360F10E7-E2A6-4F92-87D3-BEFF27B9A44D}.Debug|Win32.Build.0 = Debug|Win32
		{360F10E7-E2A6-4F92-87D3-BEFF27B9A44D}.Release|Win32.ActiveCfg = Release|Win32
		{360F10E7-E2A6-4F92-87D3-BEFF27B9A44D}.Release|Win32.Build.0 = Release|Win32
	EndGlobalSection
	GlobalSection(SolutionProperties) = preSolution
		HideSolutionNode = FALSE
	EndGlobalSection
EndGlobal
